
Microsoft Visual Studio Solution File, Format Version 12.00
# Visual Studio 2012
# SharpDevelop 5.1
VisualStudioVersion = 12.0.20827.3
MinimumVisualStudioVersion = 10.0.40219.1
Project("{FAE04EC0-301F-11D3-BF4B-00C04F79EFBC}") = "SerialNumber", "SerialNumber\SerialNumber.csproj", "{FCE97E3F-F2EC-44F7-90D1-EF9AE3585206}"
EndProject
Project("{FAE04EC0-301F-11D3-BF4B-00C04F79EFBC}") = "SN", "SN\SN.csproj", "{D3A6A8BA-CC0E-4988-AE27-B00D40361B89}"
EndProject
Global
	GlobalSection(SolutionConfigurationPlatforms) = preSolution
		Debug|Any CPU = Debug|Any CPU
		Release|Any CPU = Release|Any CPU
	EndGlobalSection
	GlobalSection(ProjectConfigurationPlatforms) = postSolution
		{FCE97E3F-F2EC-44F7-90D1-EF9AE3585206}.Debug|Any CPU.ActiveCfg = Debug|Any CPU
		{FCE97E3F-F2EC-44F7-90D1-EF9AE3585206}.Debug|Any CPU.Build.0 = Debug|Any CPU
		{FCE97E3F-F2EC-44F7-90D1-EF9AE3585206}.Release|Any CPU.ActiveCfg = Release|Any CPU
		{FCE97E3F-F2EC-44F7-90D1-EF9AE3585206}.Release|Any CPU.Build.0 = Release|Any CPU
		{D3A6A8BA-CC0E-4988-AE27-B00D40361B89}.Debug|Any CPU.ActiveCfg = Debug|Any CPU
		{D3A6A8BA-CC0E-4988-AE27-B00D40361B89}.Debug|Any CPU.Build.0 = Debug|Any CPU
		{D3A6A8BA-CC0E-4988-AE27-B00D40361B89}.Release|Any CPU.ActiveCfg = Release|Any CPU
		{D3A6A8BA-CC0E-4988-AE27-B00D40361B89}.Release|Any CPU.Build.0 = Release|Any CPU
	EndGlobalSection
EndGlobal
