
Microsoft Visual Studio Solution File, Format Version 12.00
# Visual Studio 2012
# SharpDevelop 5.1
VisualStudioVersion = 12.0.20827.3
MinimumVisualStudioVersion = 10.0.40219.1
Project("{FAE04EC0-301F-11D3-BF4B-00C04F79EFBC}") = "Cipher", "Cipher\Cipher.csproj", "{03D3E71D-9BA7-4B93-A697-E766F641D1D8}"
EndProject
Project("{FAE04EC0-301F-11D3-BF4B-00C04F79EFBC}") = "CipherTester", "CipherTester\CipherTester.csproj", "{0C6B6B2A-F022-4F3A-9C5A-10DF45944188}"
	ProjectSection(ProjectDependencies) = postProject
		{03D3E71D-9BA7-4B93-A697-E766F641D1D8} = {03D3E71D-9BA7-4B93-A697-E766F641D1D8}
	EndProjectSection
EndProject
Global
	GlobalSection(SolutionConfigurationPlatforms) = preSolution
		Debug|Any CPU = Debug|Any CPU
		Release|Any CPU = Release|Any CPU
	EndGlobalSection
	GlobalSection(ProjectConfigurationPlatforms) = postSolution
		{03D3E71D-9BA7-4B93-A697-E766F641D1D8}.Debug|Any CPU.ActiveCfg = Debug|Any CPU
		{03D3E71D-9BA7-4B93-A697-E766F641D1D8}.Debug|Any CPU.Build.0 = Debug|Any CPU
		{03D3E71D-9BA7-4B93-A697-E766F641D1D8}.Release|Any CPU.ActiveCfg = Release|Any CPU
		{03D3E71D-9BA7-4B93-A697-E766F641D1D8}.Release|Any CPU.Build.0 = Release|Any CPU
		{0C6B6B2A-F022-4F3A-9C5A-10DF45944188}.Debug|Any CPU.ActiveCfg = Debug|Any CPU
		{0C6B6B2A-F022-4F3A-9C5A-10DF45944188}.Debug|Any CPU.Build.0 = Debug|Any CPU
		{0C6B6B2A-F022-4F3A-9C5A-10DF45944188}.Release|Any CPU.ActiveCfg = Release|Any CPU
		{0C6B6B2A-F022-4F3A-9C5A-10DF45944188}.Release|Any CPU.Build.0 = Release|Any CPU
	EndGlobalSection
	GlobalSection(SolutionProperties) = preSolution
		HideSolutionNode = FALSE
	EndGlobalSection
EndGlobal
